--- 
dependencies: 
  watchr: 
    group: 
    - :default
    version: ">= 0"
  terminal-color: 
    group: 
    - :default
    version: ">= 0"
  aws-s3: 
    group: 
    - :default
    version: ">= 0"
    require: 
    - aws/s3
specs: 
- xml-simple: 
    version: 1.0.12
- builder: 
    version: 2.1.2
- terminal-color: 
    version: 0.1.0
- watchr: 
    version: "0.6"
- mime-types: 
    version: "1.16"
- aws-s3: 
    version: 0.6.2
hash: 5f10700b2c6d65d4eeb80aa1e12b7a98472662e3
sources: 
- Rubygems: 
    uri: http://gemcutter.org
